dependencies:
  idf:
    source:
      type: idf
    version: 5.1.6
  lvgl/lvgl:
    component_hash: d7c1ac037ae6e85d94897f807d6e7ba0946a83e720074fc95a4f6241da9f9f53
    dependencies: []
    source:
      registry_url: https://components.espressif.com/
      type: service
    version: 8.4.0
direct_dependencies:
- idf
- lvgl/lvgl
manifest_hash: ab9dc0feae6332c3cdece5af46d1a7ce137755c4e7a3dfadf246b20b1f836fad
target: esp32
version: 2.0.0
