dependencies:
  idf:
    component_hash: null
    source:
      type: idf
    version: 5.1.1
  lvgl/lvgl:
    component_hash: d7c1ac037ae6e85d94897f807d6e7ba0946a83e720074fc95a4f6241da9f9f53
    source:
      service_url: https://api.components.espressif.com/
      type: service
    version: 8.4.0
manifest_hash: ab6ee8c05795dbe05325631022367d808e02c1017ab3905562dd15d1775895f7
target: esp32
version: 1.0.0
